
Microsoft Visual Studio Solution File, Format Version 12.00
# Visual Studio Version 17
VisualStudioVersion = 17.4.33110.190
MinimumVisualStudioVersion = 10.0.40219.1
Project("{FAE04EC0-301F-11D3-BF4B-00C04F79EFBC}") = "SchoolProSite.DAL", "SchoolProSite.DAL\SchoolProSite.DAL.csproj", "{3E6B782F-DF5F-439B-BCFA-B274026451BE}"
EndProject
Project("{FAE04EC0-301F-11D3-BF4B-00C04F79EFBC}") = "SchoolProSite.Web", "SchoolProSite.Web\SchoolProSite.Web.csproj", "{BA9E563F-52F0-47A8-97BD-C834A1F83C65}"
EndProject
Global
	GlobalSection(SolutionConfigurationPlatforms) = preSolution
		Debug|Any CPU = Debug|Any CPU
		Release|Any CPU = Release|Any CPU
	EndGlobalSection
	GlobalSection(ProjectConfigurationPlatforms) = postSolution
		{3E6B782F-DF5F-439B-BCFA-B274026451BE}.Debug|Any CPU.ActiveCfg = Debug|Any CPU
		{3E6B782F-DF5F-439B-BCFA-B274026451BE}.Debug|Any CPU.Build.0 = Debug|Any CPU
		{3E6B782F-DF5F-439B-BCFA-B274026451BE}.Release|Any CPU.ActiveCfg = Release|Any CPU
		{3E6B782F-DF5F-439B-BCFA-B274026451BE}.Release|Any CPU.Build.0 = Release|Any CPU
		{BA9E563F-52F0-47A8-97BD-C834A1F83C65}.Debug|Any CPU.ActiveCfg = Debug|Any CPU
		{BA9E563F-52F0-47A8-97BD-C834A1F83C65}.Debug|Any CPU.Build.0 = Debug|Any CPU
		{BA9E563F-52F0-47A8-97BD-C834A1F83C65}.Release|Any CPU.ActiveCfg = Release|Any CPU
		{BA9E563F-52F0-47A8-97BD-C834A1F83C65}.Release|Any CPU.Build.0 = Release|Any CPU
	EndGlobalSection
	GlobalSection(SolutionProperties) = preSolution
		HideSolutionNode = FALSE
	EndGlobalSection
	GlobalSection(ExtensibilityGlobals) = postSolution
		SolutionGuid = {2D2CBB8A-1DEA-435B-8E98-79A15AC9D0B4}
	EndGlobalSection
EndGlobal
